// !$*UTF8*$!
{
	archiveVersion = 1;
	classes = {
	};
	objectVersion = 46;
	objects = {

/* Begin PBXBuildFile section */
		870430B81C6029BD0062FDCA /* AppDelegate.swift in Sources */ = {isa = PBXBuildFile; fileRef = 870430B71C6029BD0062FDCA /* AppDelegate.swift */; };
		870430BA1C6029BD0062FDCA /* ViewController.swift in Sources */ = {isa = PBXBuildFile; fileRef = 870430B91C6029BD0062FDCA /* ViewController.swift */; };
		870430BD1C6029BE0062FDCA /* Main.storyboard in Resources */ = {isa = PBXBuildFile; fileRef = 870430BB1C6029BE0062FDCA /* Main.storyboard */; };
		870430BF1C6029BE0062FDCA /* Assets.xcassets in Resources */ = {isa = PBXBuildFile; fileRef = 870430BE1C6029BE0062FDCA /* Assets.xcassets */; };
		870430C21C6029BE0062FDCA /* LaunchScreen.storyboard in Resources */ = {isa = PBXBuildFile; fileRef = 870430C01C6029BE0062FDCA /* LaunchScreen.storyboard */; };
		870430CA1C602C8C0062FDCA /* pokemon.csv in Resources */ = {isa = PBXBuildFile; fileRef = 870430C91C602C8C0062FDCA /* pokemon.csv */; };
		870430CD1C602E770062FDCA /* pokemon.swift in Sources */ = {isa = PBXBuildFile; fileRef = 870430CC1C602E760062FDCA /* pokemon.swift */; };
		8708EC0B1C606BD200E22776 /* PokemonCell.swift in Sources */ = {isa = PBXBuildFile; fileRef = 8708EC0A1C606BD200E22776 /* PokemonCell.swift */; };
		8708EC0E1C6086DB00E22776 /* csv.swift in Sources */ = {isa = PBXBuildFile; fileRef = 8708EC0D1C6086DB00E22776 /* csv.swift */; };
/* End PBXBuildFile section */

/* Begin PBXFileReference section */
		870430B41C6029BD0062FDCA /* pokedex.app */ = {isa = PBXFileReference; explicitFileType = wrapper.application; includeInIndex = 0; path = pokedex.app; sourceTree = BUILT_PRODUCTS_DIR; };
		870430B71C6029BD0062FDCA /* AppDelegate.swift */ = {isa = PBXFileReference; lastKnownFileType = sourcecode.swift; path = AppDelegate.swift; sourceTree = "<group>"; };
		870430B91C6029BD0062FDCA /* ViewController.swift */ = {isa = PBXFileReference; lastKnownFileType = sourcecode.swift; path = ViewController.swift; sourceTree = "<group>"; };
		870430BC1C6029BE0062FDCA /* Base */ = {isa = PBXFileReference; lastKnownFileType = file.storyboard; name = Base; path = Base.lproj/Main.storyboard; sourceTree = "<group>"; };
		870430BE1C6029BE0062FDCA /* Assets.xcassets */ = {isa = PBXFileReference; lastKnownFileType = folder.assetcatalog; path = Assets.xcassets; sourceTree = "<group>"; };
		870430C11C6029BE0062FDCA /* Base */ = {isa = PBXFileReference; lastKnownFileType = file.storyboard; name = Base; path = Base.lproj/LaunchScreen.storyboard; sourceTree = "<group>"; };
		870430C31C6029BE0062FDCA /* Info.plist */ = {isa = PBXFileReference; lastKnownFileType = text.plist.xml; path = Info.plist; sourceTree = "<group>"; };
		870430C91C602C8C0062FDCA /* pokemon.csv */ = {isa = PBXFileReference; fileEncoding = 4; lastKnownFileType = text; path = pokemon.csv; sourceTree = "<group>"; };
		870430CC1C602E760062FDCA /* pokemon.swift */ = {isa = PBXFileReference; fileEncoding = 4; lastKnownFileType = sourcecode.swift; path = pokemon.swift; sourceTree = "<group>"; };
		8708EC0A1C606BD200E22776 /* PokemonCell.swift */ = {isa = PBXFileReference; fileEncoding = 4; lastKnownFileType = sourcecode.swift; path = PokemonCell.swift; sourceTree = "<group>"; };
		8708EC0D1C6086DB00E22776 /* csv.swift */ = {isa = PBXFileReference; fileEncoding = 4; lastKnownFileType = sourcecode.swift; path = csv.swift; sourceTree = "<group>"; };
/* End PBXFileReference section */

/* Begin PBXFrameworksBuildPhase section */
		870430B11C6029BD0062FDCA /* Frameworks */ = {
			isa = PBXFrameworksBuildPhase;
			buildActionMask = 2147483647;
			files = (
			);
			runOnlyForDeploymentPostprocessing = 0;
		};
/* End PBXFrameworksBuildPhase section */

/* Begin PBXGroup section */
		870430AB1C6029BD0062FDCA = {
			isa = PBXGroup;
			children = (
				870430B61C6029BD0062FDCA /* pokedex */,
				870430B51C6029BD0062FDCA /* Products */,
			);
			sourceTree = "<group>";
		};
		870430B51C6029BD0062FDCA /* Products */ = {
			isa = PBXGroup;
			children = (
				870430B41C6029BD0062FDCA /* pokedex.app */,
			);
			name = Products;
			sourceTree = "<group>";
		};
		870430B61C6029BD0062FDCA /* pokedex */ = {
			isa = PBXGroup;
			children = (
				870430CB1C602E600062FDCA /* Model */,
				8708EC091C606B3D00E22776 /* View */,
				8708EC0C1C60868000E22776 /* Controller */,
				8708EC0F1C60870400E22776 /* Resources */,
				8708EC101C60872E00E22776 /* Utilities */,
				870430B71C6029BD0062FDCA /* AppDelegate.swift */,
				870430BB1C6029BE0062FDCA /* Main.storyboard */,
				870430BE1C6029BE0062FDCA /* Assets.xcassets */,
				870430C01C6029BE0062FDCA /* LaunchScreen.storyboard */,
				870430C31C6029BE0062FDCA /* Info.plist */,
			);
			path = pokedex;
			sourceTree = "<group>";
		};
		870430CB1C602E600062FDCA /* Model */ = {
			isa = PBXGroup;
			children = (
				870430CC1C602E760062FDCA /* pokemon.swift */,
			);
			name = Model;
			sourceTree = "<group>";
		};
		8708EC091C606B3D00E22776 /* View */ = {
			isa = PBXGroup;
			children = (
				8708EC0A1C606BD200E22776 /* PokemonCell.swift */,
			);
			name = View;
			sourceTree = "<group>";
		};
		8708EC0C1C60868000E22776 /* Controller */ = {
			isa = PBXGroup;
			children = (
				870430B91C6029BD0062FDCA /* ViewController.swift */,
			);
			name = Controller;
			sourceTree = "<group>";
		};
		8708EC0F1C60870400E22776 /* Resources */ = {
			isa = PBXGroup;
			children = (
				870430C91C602C8C0062FDCA /* pokemon.csv */,
			);
			name = Resources;
			sourceTree = "<group>";
		};
		8708EC101C60872E00E22776 /* Utilities */ = {
			isa = PBXGroup;
			children = (
				8708EC0D1C6086DB00E22776 /* csv.swift */,
			);
			name = Utilities;
			sourceTree = "<group>";
		};
/* End PBXGroup section */

/* Begin PBXNativeTarget section */
		870430B31C6029BD0062FDCA /* pokedex */ = {
			isa = PBXNativeTarget;
			buildConfigurationList = 870430C61C6029BE0062FDCA /* Build configuration list for PBXNativeTarget "pokedex" */;
			buildPhases = (
				870430B01C6029BD0062FDCA /* Sources */,
				870430B11C6029BD0062FDCA /* Frameworks */,
				870430B21C6029BD0062FDCA /* Resources */,
			);
			buildRules = (
			);
			dependencies = (
			);
			name = pokedex;
			productName = pokedex;
			productReference = 870430B41C6029BD0062FDCA /* pokedex.app */;
			productType = "com.apple.product-type.application";
		};
/* End PBXNativeTarget section */

/* Begin PBXProject section */
		870430AC1C6029BD0062FDCA /* Project object */ = {
			isa = PBXProject;
			attributes = {
				LastSwiftUpdateCheck = 0720;
				LastUpgradeCheck = 0720;
				ORGANIZATIONNAME = Pawan;
				TargetAttributes = {
					870430B31C6029BD0062FDCA = {
						CreatedOnToolsVersion = 7.2;
					};
				};
			};
			buildConfigurationList = 870430AF1C6029BD0062FDCA /* Build configuration list for PBXProject "pokedex" */;
			compatibilityVersion = "Xcode 3.2";
			developmentRegion = English;
			hasScannedForEncodings = 0;
			knownRegions = (
				en,
				Base,
			);
			mainGroup = 870430AB1C6029BD0062FDCA;
			productRefGroup = 870430B51C6029BD0062FDCA /* Products */;
			projectDirPath = "";
			projectRoot = "";
			targets = (
				870430B31C6029BD0062FDCA /* pokedex */,
			);
		};
/* End PBXProject section */

/* Begin PBXResourcesBuildPhase section */
		870430B21C6029BD0062FDCA /* Resources */ = {
			isa = PBXResourcesBuildPhase;
			buildActionMask = 2147483647;
			files = (
				870430C21C6029BE0062FDCA /* LaunchScreen.storyboard in Resources */,
				870430BF1C6029BE0062FDCA /* Assets.xcassets in Resources */,
				870430CA1C602C8C0062FDCA /* pokemon.csv in Resources */,
				870430BD1C6029BE0062FDCA /* Main.storyboard in Resources */,
			);
			runOnlyForDeploymentPostprocessing = 0;
		};
/* End PBXResourcesBuildPhase section */

/* Begin PBXSourcesBuildPhase section */
		870430B01C6029BD0062FDCA /* Sources */ = {
			isa = PBXSourcesBuildPhase;
			buildActionMask = 2147483647;
			files = (
				870430CD1C602E770062FDCA /* pokemon.swift in Sources */,
				8708EC0B1C606BD200E22776 /* PokemonCell.swift in Sources */,
				870430BA1C6029BD0062FDCA /* ViewController.swift in Sources */,
				870430B81C6029BD0062FDCA /* AppDelegate.swift in Sources */,
				8708EC0E1C6086DB00E22776 /* csv.swift in Sources */,
			);
			runOnlyForDeploymentPostprocessing = 0;
		};
/* End PBXSourcesBuildPhase section */

/* Begin PBXVariantGroup section */
		870430BB1C6029BE0062FDCA /* Main.storyboard */ = {
			isa = PBXVariantGroup;
			children = (
				870430BC1C6029BE0062FDCA /* Base */,
			);
			name = Main.storyboard;
			sourceTree = "<group>";
		};
		870430C01C6029BE0062FDCA /* LaunchScreen.storyboard */ = {
			isa = PBXVariantGroup;
			children = (
				870430C11C6029BE0062FDCA /* Base */,
			);
			name = LaunchScreen.storyboard;
			sourceTree = "<group>";
		};
/* End PBXVariantGroup section */

/* Begin XCBuildConfiguration section */
		870430C41C6029BE0062FDCA /* Debug */ = {
			isa = XCBuildConfiguration;
			buildSettings = {
				ALWAYS_SEARCH_USER_PATHS = NO;
				CLANG_CXX_LANGUAGE_STANDARD = "gnu++0x";
				CLANG_CXX_LIBRARY = "libc++";
				CLANG_ENABLE_MODULES = YES;
				CLANG_ENABLE_OBJC_ARC = YES;
				CLANG_WARN_BOOL_CONVERSION = YES;
				CLANG_WARN_CONSTANT_CONVERSION = YES;
				CLANG_WARN_DIRECT_OBJC_ISA_USAGE = YES_ERROR;
				CLANG_WARN_EMPTY_BODY = YES;
				CLANG_WARN_ENUM_CONVERSION = YES;
				CLANG_WARN_INT_CONVERSION = YES;
				CLANG_WARN_OBJC_ROOT_CLASS = YES_ERROR;
				CLANG_WARN_UNREACHABLE_CODE = YES;
				CLANG_WARN__DUPLICATE_METHOD_MATCH = YES;
				"CODE_SIGN_IDENTITY[sdk=iphoneos*]" = "iPhone Developer";
				COPY_PHASE_STRIP = NO;
				DEBUG_INFORMATION_FORMAT = dwarf;
				ENABLE_STRICT_OBJC_MSGSEND = YES;
				ENABLE_TESTABILITY = YES;
				GCC_C_LANGUAGE_STANDARD = gnu99;
				GCC_DYNAMIC_NO_PIC = NO;
				GCC_NO_COMMON_BLOCKS = YES;
				GCC_OPTIMIZATION_LEVEL = 0;
				GCC_PREPROCESSOR_DEFINITIONS = (
					"DEBUG=1",
					"$(inherited)",
				);
				GCC_WARN_64_TO_32_BIT_CONVERSION = YES;
				GCC_WARN_ABOUT_RETURN_TYPE = YES_ERROR;
				GCC_WARN_UNDECLARED_SELECTOR = YES;
				GCC_WARN_UNINITIALIZED_AUTOS = YES_AGGRESSIVE;
				GCC_WARN_UNUSED_FUNCTION = YES;
				GCC_WARN_UNUSED_VARIABLE = YES;
				IPHONEOS_DEPLOYMENT_TARGET = 9.2;
				MTL_ENABLE_DEBUG_INFO = YES;
				ONLY_ACTIVE_ARCH = YES;
				SDKROOT = iphoneos;
				SWIFT_OPTIMIZATION_LEVEL = "-Onone";
				TARGETED_DEVICE_FAMILY = "1,2";
			};
			name = Debug;
		};
		870430C51C6029BE0062FDCA /* Release */ = {
			isa = XCBuildConfiguration;
			buildSettings = {
				ALWAYS_SEARCH_USER_PATHS = NO;
				CLANG_CXX_LANGUAGE_STANDARD = "gnu++0x";
				CLANG_CXX_LIBRARY = "libc++";
				CLANG_ENABLE_MODULES = YES;
				CLANG_ENABLE_OBJC_ARC = YES;
				CLANG_WARN_BOOL_CONVERSION = YES;
				CLANG_WARN_CONSTANT_CONVERSION = YES;
				CLANG_WARN_DIRECT_OBJC_ISA_USAGE = YES_ERROR;
				CLANG_WARN_EMPTY_BODY = YES;
				CLANG_WARN_ENUM_CONVERSION = YES;
				CLANG_WARN_INT_CONVERSION = YES;
				CLANG_WARN_OBJC_ROOT_CLASS = YES_ERROR;
				CLANG_WARN_UNREACHABLE_CODE = YES;
				CLANG_WARN__DUPLICATE_METHOD_MATCH = YES;
				"CODE_SIGN_IDENTITY[sdk=iphoneos*]" = "iPhone Developer";
				COPY_PHASE_STRIP = NO;
				DEBUG_INFORMATION_FORMAT = "dwarf-with-dsym";
				ENABLE_NS_ASSERTIONS = NO;
				ENABLE_STRICT_OBJC_MSGSEND = YES;
				GCC_C_LANGUAGE_STANDARD = gnu99;
				GCC_NO_COMMON_BLOCKS = YES;
				GCC_WARN_64_TO_32_BIT_CONVERSION = YES;
				GCC_WARN_ABOUT_RETURN_TYPE = YES_ERROR;
				GCC_WARN_UNDECLARED_SELECTOR = YES;
				GCC_WARN_UNINITIALIZED_AUTOS = YES_AGGRESSIVE;
				GCC_WARN_UNUSED_FUNCTION = YES;
				GCC_WARN_UNUSED_VARIABLE = YES;
				IPHONEOS_DEPLOYMENT_TARGET = 9.2;
				MTL_ENABLE_DEBUG_INFO = NO;
				SDKROOT = iphoneos;
				TARGETED_DEVICE_FAMILY = "1,2";
				VALIDATE_PRODUCT = YES;
			};
			name = Release;
		};
		870430C71C6029BE0062FDCA /* Debug */ = {
			isa = XCBuildConfiguration;
			buildSettings = {
				ASSETCATALOG_COMPILER_APPICON_NAME = AppIcon;
				INFOPLIST_FILE = pokedex/Info.plist;
				LD_RUNPATH_SEARCH_PATHS = "$(inherited) @executable_path/Frameworks";
				PRODUCT_BUNDLE_IDENTIFIER = com.pawan.pokedex;
				PRODUCT_NAME = "$(TARGET_NAME)";
			};
			name = Debug;
		};
		870430C81C6029BE0062FDCA /* Release */ = {
			isa = XCBuildConfiguration;
			buildSettings = {
				ASSETCATALOG_COMPILER_APPICON_NAME = AppIcon;
				INFOPLIST_FILE = pokedex/Info.plist;
				LD_RUNPATH_SEARCH_PATHS = "$(inherited) @executable_path/Frameworks";
				PRODUCT_BUNDLE_IDENTIFIER = com.pawan.pokedex;
				PRODUCT_NAME = "$(TARGET_NAME)";
			};
			name = Release;
		};
/* End XCBuildConfiguration section */

/* Begin XCConfigurationList section */
		870430AF1C6029BD0062FDCA /* Build configuration list for PBXProject "pokedex" */ = {
			isa = XCConfigurationList;
			buildConfigurations = (
				870430C41C6029BE0062FDCA /* Debug */,
				870430C51C6029BE0062FDCA /* Release */,
			);
			defaultConfigurationIsVisible = 0;
			defaultConfigurationName = Release;
		};
		870430C61C6029BE0062FDCA /* Build configuration list for PBXNativeTarget "pokedex" */ = {
			isa = XCConfigurationList;
			buildConfigurations = (
				870430C71C6029BE0062FDCA /* Debug */,
				870430C81C6029BE0062FDCA /* Release */,
			);
			defaultConfigurationIsVisible = 0;
			defaultConfigurationName = Release;
		};
/* End XCConfigurationList section */
	};
	rootObject = 870430AC1C6029BD0062FDCA /* Project object */;
}
